{
  "nodes": {
    "nixpkgs": {
      "locked": {
        "lastModified": 1635606292,
        "narHash": "sha256-SfL+Hmmx2WwYZbcSdzmcOCPbv16nuIrSh6xCYrbA2Rk=",
        "owner": "NixOS",
        "repo": "nixpkgs",
        "rev": "4e0e756df7ca0fd28af99b71fd248a1cbb83d273",
        "type": "github"
      },
      "original": {
        "id": "nixpkgs",
        "type": "indirect"
      }
    },
    "root": {
      "inputs": {
        "nixpkgs": "nixpkgs"
      }
    }
  },
  "root": "root",
  "version": 7
}
