{
  "nodes": {
    "flake-utils": {
      "locked": {
        "lastModified": 1637014545,
        "narHash": "sha256-26IZAc5yzlD9FlDT54io1oqG/bBoyka+FJk5guaX4x4=",
        "owner": "numtide",
        "repo": "flake-utils",
        "rev": "bba5dcc8e0b20ab664967ad83d24d64cb64ec4f4",
        "type": "github"
      },
      "original": {
        "owner": "numtide",
        "repo": "flake-utils",
        "type": "github"
      }
    },
    "flake-utils_2": {
      "locked": {
        "lastModified": 1610051610,
        "narHash": "sha256-U9rPz/usA1/Aohhk7Cmc2gBrEEKRzcW4nwPWMPwja4Y=",
        "owner": "numtide",
        "repo": "flake-utils",
        "rev": "3982c9903e93927c2164caa727cd3f6a0e6d14cc",
        "type": "github"
      },
      "original": {
        "owner": "numtide",
        "repo": "flake-utils",
        "type": "github"
      }
    },
    "flake-utils_3": {
      "locked": {
        "lastModified": 1619345332,
        "narHash": "sha256-qHnQkEp1uklKTpx3MvKtY6xzgcqXDsz5nLilbbuL+3A=",
        "owner": "numtide",
        "repo": "flake-utils",
        "rev": "2ebf2558e5bf978c7fb8ea927dfaed8fefab2e28",
        "type": "github"
      },
      "original": {
        "owner": "numtide",
        "repo": "flake-utils",
        "type": "github"
      }
    },
    "marksman_nixpkgs": {
      "locked": {
        "lastModified": 1670221901,
        "narHash": "sha256-Ag5wbSswMTyGXXbWlh2zm2Q5GrsoUANmzbZkCH6ojAw=",
        "owner": "stasjok",
        "repo": "nixpkgs",
        "rev": "36b09745a39f1d6fb876190c35e8795027bdff52",
        "type": "github"
      },
      "original": {
        "owner": "stasjok",
        "ref": "marksman",
        "repo": "nixpkgs",
        "type": "github"
      }
    },
    "nbpreview-src": {
      "inputs": {
        "nixpkgs": "nixpkgs",
        "poetry2nix-src": "poetry2nix-src"
      },
      "locked": {
        "lastModified": 1646947982,
        "narHash": "sha256-5/M8FWvbXu22bfKIaBezN0+ViX7OSNt8URJm91HiJ+M=",
        "owner": "GuilloteauQ",
        "repo": "nbpreview",
        "rev": "a3793b540374a0559b765db291eda3a938db28ea",
        "type": "github"
      },
      "original": {
        "owner": "GuilloteauQ",
        "repo": "nbpreview",
        "type": "github"
      }
    },
    "nixpkgs": {
      "locked": {
        "lastModified": 1646506091,
        "narHash": "sha256-sWNAJE2m+HOh1jtXlHcnhxsj6/sXrHgbqVNcVRlveK4=",
        "owner": "nixos",
        "repo": "nixpkgs",
        "rev": "3e644bd62489b516292c816f70bf0052c693b3c7",
        "type": "github"
      },
      "original": {
        "owner": "nixos",
        "ref": "nixpkgs-unstable",
        "repo": "nixpkgs",
        "type": "github"
      }
    },
    "nixpkgs_2": {
      "locked": {
        "lastModified": 1610729867,
        "narHash": "sha256-bk/SBaBLqZX/PEqal27DMQwAHHl0dcZMp8NNksQr80s=",
        "owner": "NixOS",
        "repo": "nixpkgs",
        "rev": "04af07c659c6723a2259bb6bc00a47ec53330f20",
        "type": "github"
      },
      "original": {
        "owner": "NixOS",
        "repo": "nixpkgs",
        "type": "github"
      }
    },
    "nixpkgs_3": {
      "locked": {
        "lastModified": 1669833724,
        "narHash": "sha256-/HEZNyGbnQecrgJnfE8d0WC5c1xuPSD2LUpB6YXlg4c=",
        "owner": "nixos",
        "repo": "nixpkgs",
        "rev": "4d2b37a84fad1091b9de401eb450aae66f1a741e",
        "type": "github"
      },
      "original": {
        "owner": "nixos",
        "ref": "22.11",
        "repo": "nixpkgs",
        "type": "github"
      }
    },
    "nixpkgs_4": {
      "locked": {
        "lastModified": 1619531122,
        "narHash": "sha256-ovm5bo6PkZzNKh2YGXbRKYIjega0EjiEP0YDwyeXEYU=",
        "owner": "NixOS",
        "repo": "nixpkgs",
        "rev": "bb80d578e8ad3cb5a607f468ac00cc546d0396dc",
        "type": "github"
      },
      "original": {
        "id": "nixpkgs",
        "type": "indirect"
      }
    },
    "poetry2nix-src": {
      "inputs": {
        "flake-utils": "flake-utils_2",
        "nixpkgs": "nixpkgs_2"
      },
      "locked": {
        "lastModified": 1646883208,
        "narHash": "sha256-D4cEeShC6IkYafY5Ds39l/qhL4lRhDyh2JKdbsrRAzM=",
        "owner": "nix-community",
        "repo": "poetry2nix",
        "rev": "58028ad0331f320a4e5f88a4bff37117b26e0a25",
        "type": "github"
      },
      "original": {
        "owner": "nix-community",
        "repo": "poetry2nix",
        "type": "github"
      }
    },
    "pre-commit-hooks": {
      "inputs": {
        "flake-utils": "flake-utils_3",
        "nixpkgs": "nixpkgs_4"
      },
      "locked": {
        "lastModified": 1637745948,
        "narHash": "sha256-DmQG1bZk24eS+BAHwnHPyYIadMLKbq0d1b//iapYIPU=",
        "owner": "cachix",
        "repo": "pre-commit-hooks.nix",
        "rev": "c3b4f94350b0e59c2546fa85890cc70d03616b9c",
        "type": "github"
      },
      "original": {
        "owner": "cachix",
        "repo": "pre-commit-hooks.nix",
        "type": "github"
      }
    },
    "root": {
      "inputs": {
        "flake-utils": "flake-utils",
        "marksman_nixpkgs": "marksman_nixpkgs",
        "nbpreview-src": "nbpreview-src",
        "nixpkgs": "nixpkgs_3",
        "pre-commit-hooks": "pre-commit-hooks"
      }
    }
  },
  "root": "root",
  "version": 7
}
